
Microsoft Visual Studio Solution File, Format Version 12.00
# Visual Studio Version 16
VisualStudioVersion = 16.0.31112.23
MinimumVisualStudioVersion = 10.0.40219.1
Project("{FAE04EC0-301F-11D3-BF4B-00C04F79EFBC}") = "Entities", "Entities\Entities.csproj", "{CEC238C8-E742-4743-859A-2C4962FDF61C}"
EndProject
Project("{FAE04EC0-301F-11D3-BF4B-00C04F79EFBC}") = "DataAccess", "DataAccess\DataAccess.csproj", "{97B789DB-4779-4753-9CCD-B23C3FF0E67C}"
EndProject
Project("{FAE04EC0-301F-11D3-BF4B-00C04F79EFBC}") = "Business", "Business\Business.csproj", "{7FBBE0C7-E9B9-436F-B12E-44865773EB68}"
EndProject
Project("{FAE04EC0-301F-11D3-BF4B-00C04F79EFBC}") = "Core", "Core\Core.csproj", "{9C0592F7-1738-4228-8F96-FF54AF7E3E71}"
EndProject
Project("{FAE04EC0-301F-11D3-BF4B-00C04F79EFBC}") = "ConsoleUI", "ConsoleUI\ConsoleUI.csproj", "{BA052F59-36C8-4F7C-8AD9-B421710282A9}"
EndProject
Global
	GlobalSection(SolutionConfigurationPlatforms) = preSolution
		Debug|Any CPU = Debug|Any CPU
		Release|Any CPU = Release|Any CPU
	EndGlobalSection
	GlobalSection(ProjectConfigurationPlatforms) = postSolution
		{CEC238C8-E742-4743-859A-2C4962FDF61C}.Debug|Any CPU.ActiveCfg = Debug|Any CPU
		{CEC238C8-E742-4743-859A-2C4962FDF61C}.Debug|Any CPU.Build.0 = Debug|Any CPU
		{CEC238C8-E742-4743-859A-2C4962FDF61C}.Release|Any CPU.ActiveCfg = Release|Any CPU
		{CEC238C8-E742-4743-859A-2C4962FDF61C}.Release|Any CPU.Build.0 = Release|Any CPU
		{97B789DB-4779-4753-9CCD-B23C3FF0E67C}.Debug|Any CPU.ActiveCfg = Debug|Any CPU
		{97B789DB-4779-4753-9CCD-B23C3FF0E67C}.Debug|Any CPU.Build.0 = Debug|Any CPU
		{97B789DB-4779-4753-9CCD-B23C3FF0E67C}.Release|Any CPU.ActiveCfg = Release|Any CPU
		{97B789DB-4779-4753-9CCD-B23C3FF0E67C}.Release|Any CPU.Build.0 = Release|Any CPU
		{7FBBE0C7-E9B9-436F-B12E-44865773EB68}.Debug|Any CPU.ActiveCfg = Debug|Any CPU
		{7FBBE0C7-E9B9-436F-B12E-44865773EB68}.Debug|Any CPU.Build.0 = Debug|Any CPU
		{7FBBE0C7-E9B9-436F-B12E-44865773EB68}.Release|Any CPU.ActiveCfg = Release|Any CPU
		{7FBBE0C7-E9B9-436F-B12E-44865773EB68}.Release|Any CPU.Build.0 = Release|Any CPU
		{9C0592F7-1738-4228-8F96-FF54AF7E3E71}.Debug|Any CPU.ActiveCfg = Debug|Any CPU
		{9C0592F7-1738-4228-8F96-FF54AF7E3E71}.Debug|Any CPU.Build.0 = Debug|Any CPU
		{9C0592F7-1738-4228-8F96-FF54AF7E3E71}.Release|Any CPU.ActiveCfg = Release|Any CPU
		{9C0592F7-1738-4228-8F96-FF54AF7E3E71}.Release|Any CPU.Build.0 = Release|Any CPU
		{BA052F59-36C8-4F7C-8AD9-B421710282A9}.Debug|Any CPU.ActiveCfg = Debug|Any CPU
		{BA052F59-36C8-4F7C-8AD9-B421710282A9}.Debug|Any CPU.Build.0 = Debug|Any CPU
		{BA052F59-36C8-4F7C-8AD9-B421710282A9}.Release|Any CPU.ActiveCfg = Release|Any CPU
		{BA052F59-36C8-4F7C-8AD9-B421710282A9}.Release|Any CPU.Build.0 = Release|Any CPU
	EndGlobalSection
	GlobalSection(SolutionProperties) = preSolution
		HideSolutionNode = FALSE
	EndGlobalSection
	GlobalSection(ExtensibilityGlobals) = postSolution
		SolutionGuid = {59BFEE47-467E-40CD-A906-1983CEFFBB21}
	EndGlobalSection
EndGlobal
